// !$*UTF8*$!
{
	archiveVersion = 1;
	classes = {
	};
	objectVersion = 55;
	objects = {

/* Begin PBXBuildFile section */
		9A201C4D2780500300092E4B /* Carousel_SliderApp.swift in Sources */ = {isa = PBXBuildFile; fileRef = 9A201C3D2780500200092E4B /* Carousel_SliderApp.swift */; };
		9A201C4E2780500300092E4B /* Carousel_SliderApp.swift in Sources */ = {isa = PBXBuildFile; fileRef = 9A201C3D2780500200092E4B /* Carousel_SliderApp.swift */; };
		9A201C4F2780500300092E4B /* ContentView.swift in Sources */ = {isa = PBXBuildFile; fileRef = 9A201C3E2780500200092E4B /* ContentView.swift */; };
		9A201C502780500300092E4B /* ContentView.swift in Sources */ = {isa = PBXBuildFile; fileRef = 9A201C3E2780500200092E4B /* ContentView.swift */; };
		9A201C512780500300092E4B /* Assets.xcassets in Resources */ = {isa = PBXBuildFile; fileRef = 9A201C3F2780500300092E4B /* Assets.xcassets */; };
		9A201C522780500300092E4B /* Assets.xcassets in Resources */ = {isa = PBXBuildFile; fileRef = 9A201C3F2780500300092E4B /* Assets.xcassets */; };
		9A8994CE27805A87006315D5 /* Food.swift in Sources */ = {isa = PBXBuildFile; fileRef = 9A8994CD27805A87006315D5 /* Food.swift */; };
		9A8994D027805BCE006315D5 /* HomePage.swift in Sources */ = {isa = PBXBuildFile; fileRef = 9A8994CF27805BCE006315D5 /* HomePage.swift */; };
/* End PBXBuildFile section */

/* Begin PBXFileReference section */
		9A201C3D2780500200092E4B /* Carousel_SliderApp.swift */ = {isa = PBXFileReference; lastKnownFileType = sourcecode.swift; path = Carousel_SliderApp.swift; sourceTree = "<group>"; };
		9A201C3E2780500200092E4B /* ContentView.swift */ = {isa = PBXFileReference; lastKnownFileType = sourcecode.swift; path = ContentView.swift; sourceTree = "<group>"; };
		9A201C3F2780500300092E4B /* Assets.xcassets */ = {isa = PBXFileReference; lastKnownFileType = folder.assetcatalog; path = Assets.xcassets; sourceTree = "<group>"; };
		9A201C442780500300092E4B /* Carousel-Slider.app */ = {isa = PBXFileReference; explicitFileType = wrapper.application; includeInIndex = 0; path = "Carousel-Slider.app"; sourceTree = BUILT_PRODUCTS_DIR; };
		9A201C4A2780500300092E4B /* Carousel-Slider.app */ = {isa = PBXFileReference; explicitFileType = wrapper.application; includeInIndex = 0; path = "Carousel-Slider.app"; sourceTree = BUILT_PRODUCTS_DIR; };
		9A201C4C2780500300092E4B /* macOS.entitlements */ = {isa = PBXFileReference; lastKnownFileType = text.plist.entitlements; path = macOS.entitlements; sourceTree = "<group>"; };
		9A8994CD27805A87006315D5 /* Food.swift */ = {isa = PBXFileReference; lastKnownFileType = sourcecode.swift; path = Food.swift; sourceTree = "<group>"; };
		9A8994CF27805BCE006315D5 /* HomePage.swift */ = {isa = PBXFileReference; lastKnownFileType = sourcecode.swift; path = HomePage.swift; sourceTree = "<group>"; };
/* End PBXFileReference section */

/* Begin PBXFrameworksBuildPhase section */
		9A201C412780500300092E4B /* Frameworks */ = {
			isa = PBXFrameworksBuildPhase;
			buildActionMask = 2147483647;
			files = (
			);
			runOnlyForDeploymentPostprocessing = 0;
		};
		9A201C472780500300092E4B /* Frameworks */ = {
			isa = PBXFrameworksBuildPhase;
			buildActionMask = 2147483647;
			files = (
			);
			runOnlyForDeploymentPostprocessing = 0;
		};
/* End PBXFrameworksBuildPhase section */

/* Begin PBXGroup section */
		9A201C372780500200092E4B = {
			isa = PBXGroup;
			children = (
				9A201C3C2780500200092E4B /* Shared */,
				9A201C4B2780500300092E4B /* macOS */,
				9A201C452780500300092E4B /* Products */,
			);
			sourceTree = "<group>";
		};
		9A201C3C2780500200092E4B /* Shared */ = {
			isa = PBXGroup;
			children = (
				9A8994CC27805A76006315D5 /* Model */,
				9A8994CB27805A6B006315D5 /* View */,
				9A201C3D2780500200092E4B /* Carousel_SliderApp.swift */,
				9A201C3E2780500200092E4B /* ContentView.swift */,
				9A201C3F2780500300092E4B /* Assets.xcassets */,
			);
			path = Shared;
			sourceTree = "<group>";
		};
		9A201C452780500300092E4B /* Products */ = {
			isa = PBXGroup;
			children = (
				9A201C442780500300092E4B /* Carousel-Slider.app */,
				9A201C4A2780500300092E4B /* Carousel-Slider.app */,
			);
			name = Products;
			sourceTree = "<group>";
		};
		9A201C4B2780500300092E4B /* macOS */ = {
			isa = PBXGroup;
			children = (
				9A201C4C2780500300092E4B /* macOS.entitlements */,
			);
			path = macOS;
			sourceTree = "<group>";
		};
		9A8994CB27805A6B006315D5 /* View */ = {
			isa = PBXGroup;
			children = (
				9A8994CF27805BCE006315D5 /* HomePage.swift */,
			);
			path = View;
			sourceTree = "<group>";
		};
		9A8994CC27805A76006315D5 /* Model */ = {
			isa = PBXGroup;
			children = (
				9A8994CD27805A87006315D5 /* Food.swift */,
			);
			path = Model;
			sourceTree = "<group>";
		};
/* End PBXGroup section */

/* Begin PBXNativeTarget section */
		9A201C432780500300092E4B /* Carousel-Slider (iOS) */ = {
			isa = PBXNativeTarget;
			buildConfigurationList = 9A201C552780500300092E4B /* Build configuration list for PBXNativeTarget "Carousel-Slider (iOS)" */;
			buildPhases = (
				9A201C402780500300092E4B /* Sources */,
				9A201C412780500300092E4B /* Frameworks */,
				9A201C422780500300092E4B /* Resources */,
			);
			buildRules = (
			);
			dependencies = (
			);
			name = "Carousel-Slider (iOS)";
			productName = "Carousel-Slider (iOS)";
			productReference = 9A201C442780500300092E4B /* Carousel-Slider.app */;
			productType = "com.apple.product-type.application";
		};
		9A201C492780500300092E4B /* Carousel-Slider (macOS) */ = {
			isa = PBXNativeTarget;
			buildConfigurationList = 9A201C582780500300092E4B /* Build configuration list for PBXNativeTarget "Carousel-Slider (macOS)" */;
			buildPhases = (
				9A201C462780500300092E4B /* Sources */,
				9A201C472780500300092E4B /* Frameworks */,
				9A201C482780500300092E4B /* Resources */,
			);
			buildRules = (
			);
			dependencies = (
			);
			name = "Carousel-Slider (macOS)";
			productName = "Carousel-Slider (macOS)";
			productReference = 9A201C4A2780500300092E4B /* Carousel-Slider.app */;
			productType = "com.apple.product-type.application";
		};
/* End PBXNativeTarget section */

/* Begin PBXProject section */
		9A201C382780500200092E4B /* Project object */ = {
			isa = PBXProject;
			attributes = {
				BuildIndependentTargetsInParallel = 1;
				LastSwiftUpdateCheck = 1320;
				LastUpgradeCheck = 1320;
				TargetAttributes = {
					9A201C432780500300092E4B = {
						CreatedOnToolsVersion = 13.2;
					};
					9A201C492780500300092E4B = {
						CreatedOnToolsVersion = 13.2;
					};
				};
			};
			buildConfigurationList = 9A201C3B2780500200092E4B /* Build configuration list for PBXProject "Carousel-Slider" */;
			compatibilityVersion = "Xcode 13.0";
			developmentRegion = en;
			hasScannedForEncodings = 0;
			knownRegions = (
				en,
				Base,
			);
			mainGroup = 9A201C372780500200092E4B;
			productRefGroup = 9A201C452780500300092E4B /* Products */;
			projectDirPath = "";
			projectRoot = "";
			targets = (
				9A201C432780500300092E4B /* Carousel-Slider (iOS) */,
				9A201C492780500300092E4B /* Carousel-Slider (macOS) */,
			);
		};
/* End PBXProject section */

/* Begin PBXResourcesBuildPhase section */
		9A201C422780500300092E4B /* Resources */ = {
			isa = PBXResourcesBuildPhase;
			buildActionMask = 2147483647;
			files = (
				9A201C512780500300092E4B /* Assets.xcassets in Resources */,
			);
			runOnlyForDeploymentPostprocessing = 0;
		};
		9A201C482780500300092E4B /* Resources */ = {
			isa = PBXResourcesBuildPhase;
			buildActionMask = 2147483647;
			files = (
				9A201C522780500300092E4B /* Assets.xcassets in Resources */,
			);
			runOnlyForDeploymentPostprocessing = 0;
		};
/* End PBXResourcesBuildPhase section */

/* Begin PBXSourcesBuildPhase section */
		9A201C402780500300092E4B /* Sources */ = {
			isa = PBXSourcesBuildPhase;
			buildActionMask = 2147483647;
			files = (
				9A201C4F2780500300092E4B /* ContentView.swift in Sources */,
				9A201C4D2780500300092E4B /* Carousel_SliderApp.swift in Sources */,
				9A8994CE27805A87006315D5 /* Food.swift in Sources */,
				9A8994D027805BCE006315D5 /* HomePage.swift in Sources */,
			);
			runOnlyForDeploymentPostprocessing = 0;
		};
		9A201C462780500300092E4B /* Sources */ = {
			isa = PBXSourcesBuildPhase;
			buildActionMask = 2147483647;
			files = (
				9A201C502780500300092E4B /* ContentView.swift in Sources */,
				9A201C4E2780500300092E4B /* Carousel_SliderApp.swift in Sources */,
			);
			runOnlyForDeploymentPostprocessing = 0;
		};
/* End PBXSourcesBuildPhase section */

/* Begin XCBuildConfiguration section */
		9A201C532780500300092E4B /* Debug */ = {
			isa = XCBuildConfiguration;
			buildSettings = {
				ALWAYS_SEARCH_USER_PATHS = NO;
				CLANG_ANALYZER_NONNULL = YES;
				CLANG_ANALYZER_NUMBER_OBJECT_CONVERSION = YES_AGGRESSIVE;
				CLANG_CXX_LANGUAGE_STANDARD = "gnu++17";
				CLANG_CXX_LIBRARY = "libc++";
				CLANG_ENABLE_MODULES = YES;
				CLANG_ENABLE_OBJC_ARC = YES;
				CLANG_ENABLE_OBJC_WEAK = YES;
				CLANG_WARN_BLOCK_CAPTURE_AUTORELEASING = YES;
				CLANG_WARN_BOOL_CONVERSION = YES;
				CLANG_WARN_COMMA = YES;
				CLANG_WARN_CONSTANT_CONVERSION = YES;
				CLANG_WARN_DEPRECATED_OBJC_IMPLEMENTATIONS = YES;
				CLANG_WARN_DIRECT_OBJC_ISA_USAGE = YES_ERROR;
				CLANG_WARN_DOCUMENTATION_COMMENTS = YES;
				CLANG_WARN_EMPTY_BODY = YES;
				CLANG_WARN_ENUM_CONVERSION = YES;
				CLANG_WARN_INFINITE_RECURSION = YES;
				CLANG_WARN_INT_CONVERSION = YES;
				CLANG_WARN_NON_LITERAL_NULL_CONVERSION = YES;
				CLANG_WARN_OBJC_IMPLICIT_RETAIN_SELF = YES;
				CLANG_WARN_OBJC_LITERAL_CONVERSION = YES;
				CLANG_WARN_OBJC_ROOT_CLASS = YES_ERROR;
				CLANG_WARN_QUOTED_INCLUDE_IN_FRAMEWORK_HEADER = YES;
				CLANG_WARN_RANGE_LOOP_ANALYSIS = YES;
				CLANG_WARN_STRICT_PROTOTYPES = YES;
				CLANG_WARN_SUSPICIOUS_MOVE = YES;
				CLANG_WARN_UNGUARDED_AVAILABILITY = YES_AGGRESSIVE;
				CLANG_WARN_UNREACHABLE_CODE = YES;
				CLANG_WARN__DUPLICATE_METHOD_MATCH = YES;
				COPY_PHASE_STRIP = NO;
				DEBUG_INFORMATION_FORMAT = dwarf;
				ENABLE_STRICT_OBJC_MSGSEND = YES;
				ENABLE_TESTABILITY = YES;
				GCC_C_LANGUAGE_STANDARD = gnu11;
				GCC_DYNAMIC_NO_PIC = NO;
				GCC_NO_COMMON_BLOCKS = YES;
				GCC_OPTIMIZATION_LEVEL = 0;
				GCC_PREPROCESSOR_DEFINITIONS = (
					"DEBUG=1",
					"$(inherited)",
				);
				GCC_WARN_64_TO_32_BIT_CONVERSION = YES;
				GCC_WARN_ABOUT_RETURN_TYPE = YES_ERROR;
				GCC_WARN_UNDECLARED_SELECTOR = YES;
				GCC_WARN_UNINITIALIZED_AUTOS = YES_AGGRESSIVE;
				GCC_WARN_UNUSED_FUNCTION = YES;
				GCC_WARN_UNUSED_VARIABLE = YES;
				MTL_ENABLE_DEBUG_INFO = INCLUDE_SOURCE;
				MTL_FAST_MATH = YES;
				ONLY_ACTIVE_ARCH = YES;
				SWIFT_ACTIVE_COMPILATION_CONDITIONS = DEBUG;
				SWIFT_OPTIMIZATION_LEVEL = "-Onone";
			};
			name = Debug;
		};
		9A201C542780500300092E4B /* Release */ = {
			isa = XCBuildConfiguration;
			buildSettings = {
				ALWAYS_SEARCH_USER_PATHS = NO;
				CLANG_ANALYZER_NONNULL = YES;
				CLANG_ANALYZER_NUMBER_OBJECT_CONVERSION = YES_AGGRESSIVE;
				CLANG_CXX_LANGUAGE_STANDARD = "gnu++17";
				CLANG_CXX_LIBRARY = "libc++";
				CLANG_ENABLE_MODULES = YES;
				CLANG_ENABLE_OBJC_ARC = YES;
				CLANG_ENABLE_OBJC_WEAK = YES;
				CLANG_WARN_BLOCK_CAPTURE_AUTORELEASING = YES;
				CLANG_WARN_BOOL_CONVERSION = YES;
				CLANG_WARN_COMMA = YES;
				CLANG_WARN_CONSTANT_CONVERSION = YES;
				CLANG_WARN_DEPRECATED_OBJC_IMPLEMENTATIONS = YES;
				CLANG_WARN_DIRECT_OBJC_ISA_USAGE = YES_ERROR;
				CLANG_WARN_DOCUMENTATION_COMMENTS = YES;
				CLANG_WARN_EMPTY_BODY = YES;
				CLANG_WARN_ENUM_CONVERSION = YES;
				CLANG_WARN_INFINITE_RECURSION = YES;
				CLANG_WARN_INT_CONVERSION = YES;
				CLANG_WARN_NON_LITERAL_NULL_CONVERSION = YES;
				CLANG_WARN_OBJC_IMPLICIT_RETAIN_SELF = YES;
				CLANG_WARN_OBJC_LITERAL_CONVERSION = YES;
				CLANG_WARN_OBJC_ROOT_CLASS = YES_ERROR;
				CLANG_WARN_QUOTED_INCLUDE_IN_FRAMEWORK_HEADER = YES;
				CLANG_WARN_RANGE_LOOP_ANALYSIS = YES;
				CLANG_WARN_STRICT_PROTOTYPES = YES;
				CLANG_WARN_SUSPICIOUS_MOVE = YES;
				CLANG_WARN_UNGUARDED_AVAILABILITY = YES_AGGRESSIVE;
				CLANG_WARN_UNREACHABLE_CODE = YES;
				CLANG_WARN__DUPLICATE_METHOD_MATCH = YES;
				COPY_PHASE_STRIP = NO;
				DEBUG_INFORMATION_FORMAT = "dwarf-with-dsym";
				ENABLE_NS_ASSERTIONS = NO;
				ENABLE_STRICT_OBJC_MSGSEND = YES;
				GCC_C_LANGUAGE_STANDARD = gnu11;
				GCC_NO_COMMON_BLOCKS = YES;
				GCC_WARN_64_TO_32_BIT_CONVERSION = YES;
				GCC_WARN_ABOUT_RETURN_TYPE = YES_ERROR;
				GCC_WARN_UNDECLARED_SELECTOR = YES;
				GCC_WARN_UNINITIALIZED_AUTOS = YES_AGGRESSIVE;
				GCC_WARN_UNUSED_FUNCTION = YES;
				GCC_WARN_UNUSED_VARIABLE = YES;
				MTL_ENABLE_DEBUG_INFO = NO;
				MTL_FAST_MATH = YES;
				SWIFT_COMPILATION_MODE = wholemodule;
				SWIFT_OPTIMIZATION_LEVEL = "-O";
			};
			name = Release;
		};
		9A201C562780500300092E4B /* Debug */ = {
			isa = XCBuildConfiguration;
			buildSettings = {
				ASSETCATALOG_COMPILER_APPICON_NAME = AppIcon;
				ASSETCATALOG_COMPILER_GLOBAL_ACCENT_COLOR_NAME = AccentColor;
				CODE_SIGN_STYLE = Automatic;
				CURRENT_PROJECT_VERSION = 1;
				DEVELOPMENT_TEAM = 9G3YY3Y77Z;
				ENABLE_PREVIEWS = YES;
				GENERATE_INFOPLIST_FILE = YES;
				INFOPLIST_KEY_UIApplicationSceneManifest_Generation = YES;
				INFOPLIST_KEY_UIApplicationSupportsIndirectInputEvents = YES;
				INFOPLIST_KEY_UILaunchScreen_Generation = YES;
				INFOPLIST_KEY_UISupportedInterfaceOrientations_iPad = "UIInterfaceOrientationPortrait UIInterfaceOrientationPortraitUpsideDown UIInterfaceOrientationLandscapeLeft UIInterfaceOrientationLandscapeRight";
				INFOPLIST_KEY_UISupportedInterfaceOrientations_iPhone = "UIInterfaceOrientationPortrait UIInterfaceOrientationLandscapeLeft UIInterfaceOrientationLandscapeRight";
				IPHONEOS_DEPLOYMENT_TARGET = 15.2;
				LD_RUNPATH_SEARCH_PATHS = (
					"$(inherited)",
					"@executable_path/Frameworks",
				);
				MARKETING_VERSION = 1.0;
				PRODUCT_BUNDLE_IDENTIFIER = "jp.dd2d.Carousel-Slider";
				PRODUCT_NAME = "Carousel-Slider";
				SDKROOT = iphoneos;
				SWIFT_EMIT_LOC_STRINGS = YES;
				SWIFT_VERSION = 5.0;
				TARGETED_DEVICE_FAMILY = "1,2";
			};
			name = Debug;
		};
		9A201C572780500300092E4B /* Release */ = {
			isa = XCBuildConfiguration;
			buildSettings = {
				ASSETCATALOG_COMPILER_APPICON_NAME = AppIcon;
				ASSETCATALOG_COMPILER_GLOBAL_ACCENT_COLOR_NAME = AccentColor;
				CODE_SIGN_STYLE = Automatic;
				CURRENT_PROJECT_VERSION = 1;
				DEVELOPMENT_TEAM = 9G3YY3Y77Z;
				ENABLE_PREVIEWS = YES;
				GENERATE_INFOPLIST_FILE = YES;
				INFOPLIST_KEY_UIApplicationSceneManifest_Generation = YES;
				INFOPLIST_KEY_UIApplicationSupportsIndirectInputEvents = YES;
				INFOPLIST_KEY_UILaunchScreen_Generation = YES;
				INFOPLIST_KEY_UISupportedInterfaceOrientations_iPad = "UIInterfaceOrientationPortrait UIInterfaceOrientationPortraitUpsideDown UIInterfaceOrientationLandscapeLeft UIInterfaceOrientationLandscapeRight";
				INFOPLIST_KEY_UISupportedInterfaceOrientations_iPhone = "UIInterfaceOrientationPortrait UIInterfaceOrientationLandscapeLeft UIInterfaceOrientationLandscapeRight";
				IPHONEOS_DEPLOYMENT_TARGET = 15.2;
				LD_RUNPATH_SEARCH_PATHS = (
					"$(inherited)",
					"@executable_path/Frameworks",
				);
				MARKETING_VERSION = 1.0;
				PRODUCT_BUNDLE_IDENTIFIER = "jp.dd2d.Carousel-Slider";
				PRODUCT_NAME = "Carousel-Slider";
				SDKROOT = iphoneos;
				SWIFT_EMIT_LOC_STRINGS = YES;
				SWIFT_VERSION = 5.0;
				TARGETED_DEVICE_FAMILY = "1,2";
				VALIDATE_PRODUCT = YES;
			};
			name = Release;
		};
		9A201C592780500300092E4B /* Debug */ = {
			isa = XCBuildConfiguration;
			buildSettings = {
				ASSETCATALOG_COMPILER_APPICON_NAME = AppIcon;
				ASSETCATALOG_COMPILER_GLOBAL_ACCENT_COLOR_NAME = AccentColor;
				CODE_SIGN_ENTITLEMENTS = macOS/macOS.entitlements;
				CODE_SIGN_STYLE = Automatic;
				COMBINE_HIDPI_IMAGES = YES;
				CURRENT_PROJECT_VERSION = 1;
				DEVELOPMENT_TEAM = 9G3YY3Y77Z;
				ENABLE_HARDENED_RUNTIME = YES;
				ENABLE_PREVIEWS = YES;
				GENERATE_INFOPLIST_FILE = YES;
				INFOPLIST_KEY_NSHumanReadableCopyright = "";
				LD_RUNPATH_SEARCH_PATHS = (
					"$(inherited)",
					"@executable_path/../Frameworks",
				);
				MACOSX_DEPLOYMENT_TARGET = 12.1;
				MARKETING_VERSION = 1.0;
				PRODUCT_BUNDLE_IDENTIFIER = "jp.dd2d.Carousel-Slider";
				PRODUCT_NAME = "Carousel-Slider";
				SDKROOT = macosx;
				SWIFT_EMIT_LOC_STRINGS = YES;
				SWIFT_VERSION = 5.0;
			};
			name = Debug;
		};
		9A201C5A2780500300092E4B /* Release */ = {
			isa = XCBuildConfiguration;
			buildSettings = {
				ASSETCATALOG_COMPILER_APPICON_NAME = AppIcon;
				ASSETCATALOG_COMPILER_GLOBAL_ACCENT_COLOR_NAME = AccentColor;
				CODE_SIGN_ENTITLEMENTS = macOS/macOS.entitlements;
				CODE_SIGN_STYLE = Automatic;
				COMBINE_HIDPI_IMAGES = YES;
				CURRENT_PROJECT_VERSION = 1;
				DEVELOPMENT_TEAM = 9G3YY3Y77Z;
				ENABLE_HARDENED_RUNTIME = YES;
				ENABLE_PREVIEWS = YES;
				GENERATE_INFOPLIST_FILE = YES;
				INFOPLIST_KEY_NSHumanReadableCopyright = "";
				LD_RUNPATH_SEARCH_PATHS = (
					"$(inherited)",
					"@executable_path/../Frameworks",
				);
				MACOSX_DEPLOYMENT_TARGET = 12.1;
				MARKETING_VERSION = 1.0;
				PRODUCT_BUNDLE_IDENTIFIER = "jp.dd2d.Carousel-Slider";
				PRODUCT_NAME = "Carousel-Slider";
				SDKROOT = macosx;
				SWIFT_EMIT_LOC_STRINGS = YES;
				SWIFT_VERSION = 5.0;
			};
			name = Release;
		};
/* End XCBuildConfiguration section */

/* Begin XCConfigurationList section */
		9A201C3B2780500200092E4B /* Build configuration list for PBXProject "Carousel-Slider" */ = {
			isa = XCConfigurationList;
			buildConfigurations = (
				9A201C532780500300092E4B /* Debug */,
				9A201C542780500300092E4B /* Release */,
			);
			defaultConfigurationIsVisible = 0;
			defaultConfigurationName = Release;
		};
		9A201C552780500300092E4B /* Build configuration list for PBXNativeTarget "Carousel-Slider (iOS)" */ = {
			isa = XCConfigurationList;
			buildConfigurations = (
				9A201C562780500300092E4B /* Debug */,
				9A201C572780500300092E4B /* Release */,
			);
			defaultConfigurationIsVisible = 0;
			defaultConfigurationName = Release;
		};
		9A201C582780500300092E4B /* Build configuration list for PBXNativeTarget "Carousel-Slider (macOS)" */ = {
			isa = XCConfigurationList;
			buildConfigurations = (
				9A201C592780500300092E4B /* Debug */,
				9A201C5A2780500300092E4B /* Release */,
			);
			defaultConfigurationIsVisible = 0;
			defaultConfigurationName = Release;
		};
/* End XCConfigurationList section */
	};
	rootObject = 9A201C382780500200092E4B /* Project object */;
}
